// !$*UTF8*$!
{
	archiveVersion = 1;
	classes = {
	};
	objectVersion = 51;
	objects = {

/* Begin PBXBuildFile section */
		1E92A80A3D762CE74DA556A3 /* Pods_Budejie.framework in Frameworks */ = {isa = PBXBuildFile; fileRef = 75708C086A52063D0501B034 /* Pods_Budejie.framework */; };
		2B2EEFAF2424AFBD0077770B /* UIBarButtonItem+item.m in Sources */ = {isa = PBXBuildFile; fileRef = 2B2EEFAE2424AFBD0077770B /* UIBarButtonItem+item.m */; };
		2B2EEFB22424BCB60077770B /* BDNavigationViewController.m in Sources */ = {isa = PBXBuildFile; fileRef = 2B2EEFB12424BCB60077770B /* BDNavigationViewController.m */; };
		2B2EEFB62424C2100077770B /* BDSettingViewController.m in Sources */ = {isa = PBXBuildFile; fileRef = 2B2EEFB52424C2100077770B /* BDSettingViewController.m */; };
		2B7D43D1242210F800BBD978 /* BDTabBar.m in Sources */ = {isa = PBXBuildFile; fileRef = 2B7D43D0242210F800BBD978 /* BDTabBar.m */; };
		2B7D43D42424976700BBD978 /* UIView+Frame.m in Sources */ = {isa = PBXBuildFile; fileRef = 2B7D43D32424976700BBD978 /* UIView+Frame.m */; };
		2BB2D133242B4C5C00D74B01 /* BDAdvertController.m in Sources */ = {isa = PBXBuildFile; fileRef = 2BB2D131242B4C5C00D74B01 /* BDAdvertController.m */; };
		2BB2D134242B4C5C00D74B01 /* BDAdvertController.xib in Resources */ = {isa = PBXBuildFile; fileRef = 2BB2D132242B4C5C00D74B01 /* BDAdvertController.xib */; };
		2BB2D139242B54FF00D74B01 /* LaunchImage-800-Portrait-736h@3x.png in Resources */ = {isa = PBXBuildFile; fileRef = 2BB2D138242B54FF00D74B01 /* LaunchImage-800-Portrait-736h@3x.png */; };
		2BB2D1512433499B00D74B01 /* BDSubTopicController.m in Sources */ = {isa = PBXBuildFile; fileRef = 2BB2D1502433499B00D74B01 /* BDSubTopicController.m */; };
		2BB2D15824334CB000D74B01 /* BDHTTPSessionManager.m in Sources */ = {isa = PBXBuildFile; fileRef = 2BB2D15724334CB000D74B01 /* BDHTTPSessionManager.m */; };
		2BB99C752420A33B0005A03C /* AppDelegate.m in Sources */ = {isa = PBXBuildFile; fileRef = 2BB99C742420A33B0005A03C /* AppDelegate.m */; };
		2BB99C782420A33B0005A03C /* SceneDelegate.m in Sources */ = {isa = PBXBuildFile; fileRef = 2BB99C772420A33B0005A03C /* SceneDelegate.m */; };
		2BB99C832420A33F0005A03C /* LaunchScreen.storyboard in Resources */ = {isa = PBXBuildFile; fileRef = 2BB99C812420A33F0005A03C /* LaunchScreen.storyboard */; };
		2BB99C862420A33F0005A03C /* main.m in Sources */ = {isa = PBXBuildFile; fileRef = 2BB99C852420A33F0005A03C /* main.m */; };
		2BB99C902420A33F0005A03C /* BudejieTests.m in Sources */ = {isa = PBXBuildFile; fileRef = 2BB99C8F2420A33F0005A03C /* BudejieTests.m */; };
		2BB99C9B2420A33F0005A03C /* BudejieUITests.m in Sources */ = {isa = PBXBuildFile; fileRef = 2BB99C9A2420A33F0005A03C /* BudejieUITests.m */; };
		2BB99CB42420C8000005A03C /* BDEssenceViewController.m in Sources */ = {isa = PBXBuildFile; fileRef = 2BB99CB32420C8000005A03C /* BDEssenceViewController.m */; };
		2BB99CB72420C8250005A03C /* BDFriendViewController.m in Sources */ = {isa = PBXBuildFile; fileRef = 2BB99CB62420C8250005A03C /* BDFriendViewController.m */; };
		2BB99CBA2420C84B0005A03C /* BDMeViewController.m in Sources */ = {isa = PBXBuildFile; fileRef = 2BB99CB92420C84B0005A03C /* BDMeViewController.m */; };
		2BB99CBD2420C8640005A03C /* BDNewViewController.m in Sources */ = {isa = PBXBuildFile; fileRef = 2BB99CBC2420C8640005A03C /* BDNewViewController.m */; };
		2BB99CC02420C87B0005A03C /* BDPubilcViewController.m in Sources */ = {isa = PBXBuildFile; fileRef = 2BB99CBF2420C87B0005A03C /* BDPubilcViewController.m */; };
		2BB99CCB2420D6BF0005A03C /* BDTabBarController.m in Sources */ = {isa = PBXBuildFile; fileRef = 2BB99CCA2420D6BF0005A03C /* BDTabBarController.m */; };
		2BB99CD22421F2570005A03C /* UIImage+BDimage.m in Sources */ = {isa = PBXBuildFile; fileRef = 2BB99CD12421F2570005A03C /* UIImage+BDimage.m */; };
		6F54D5072425F462000627FD /* Assets.xcassets in Resources */ = {isa = PBXBuildFile; fileRef = 6F54D5062425F462000627FD /* Assets.xcassets */; };
		91186D9DFBFC051AA64F8F66 /* Pods_Budejie_BudejieUITests.framework in Frameworks */ = {isa = PBXBuildFile; fileRef = 97B0FAACF60DD928A5E69069 /* Pods_Budejie_BudejieUITests.framework */; };
		A2547266D4B5110774F0619D /* Pods_BudejieTests.framework in Frameworks */ = {isa = PBXBuildFile; fileRef = A9F54B013551234EC1FBBCA2 /* Pods_BudejieTests.framework */; };
/* End PBXBuildFile section */

/* Begin PBXContainerItemProxy section */
		2BB99C8C2420A33F0005A03C /* PBXContainerItemProxy */ = {
			isa = PBXContainerItemProxy;
			containerPortal = 2BB99C682420A33A0005A03C /* Project object */;
			proxyType = 1;
			remoteGlobalIDString = 2BB99C6F2420A33B0005A03C;
			remoteInfo = Budejie;
		};
		2BB99C972420A33F0005A03C /* PBXContainerItemProxy */ = {
			isa = PBXContainerItemProxy;
			containerPortal = 2BB99C682420A33A0005A03C /* Project object */;
			proxyType = 1;
			remoteGlobalIDString = 2BB99C6F2420A33B0005A03C;
			remoteInfo = Budejie;
		};
/* End PBXContainerItemProxy section */

/* Begin PBXFileReference section */
		0298E7F4279B8B5B871AD704 /* Pods-BudejieTests.release.xcconfig */ = {isa = PBXFileReference; includeInIndex = 1; lastKnownFileType = text.xcconfig; name = "Pods-BudejieTests.release.xcconfig"; path = "Target Support Files/Pods-BudejieTests/Pods-BudejieTests.release.xcconfig"; sourceTree = "<group>"; };
		2B2EEFAD2424AFBD0077770B /* UIBarButtonItem+item.h */ = {isa = PBXFileReference; lastKnownFileType = sourcecode.c.h; path = "UIBarButtonItem+item.h"; sourceTree = "<group>"; };
		2B2EEFAE2424AFBD0077770B /* UIBarButtonItem+item.m */ = {isa = PBXFileReference; lastKnownFileType = sourcecode.c.objc; path = "UIBarButtonItem+item.m"; sourceTree = "<group>"; };
		2B2EEFB02424BCB60077770B /* BDNavigationViewController.h */ = {isa = PBXFileReference; lastKnownFileType = sourcecode.c.h; path = BDNavigationViewController.h; sourceTree = "<group>"; };
		2B2EEFB12424BCB60077770B /* BDNavigationViewController.m */ = {isa = PBXFileReference; lastKnownFileType = sourcecode.c.objc; path = BDNavigationViewController.m; sourceTree = "<group>"; };
		2B2EEFB42424C2100077770B /* BDSettingViewController.h */ = {isa = PBXFileReference; lastKnownFileType = sourcecode.c.h; path = BDSettingViewController.h; sourceTree = "<group>"; };
		2B2EEFB52424C2100077770B /* BDSettingViewController.m */ = {isa = PBXFileReference; lastKnownFileType = sourcecode.c.objc; path = BDSettingViewController.m; sourceTree = "<group>"; };
		2B7D43CF242210F800BBD978 /* BDTabBar.h */ = {isa = PBXFileReference; lastKnownFileType = sourcecode.c.h; path = BDTabBar.h; sourceTree = "<group>"; };
		2B7D43D0242210F800BBD978 /* BDTabBar.m */ = {isa = PBXFileReference; lastKnownFileType = sourcecode.c.objc; path = BDTabBar.m; sourceTree = "<group>"; };
		2B7D43D22424976700BBD978 /* UIView+Frame.h */ = {isa = PBXFileReference; lastKnownFileType = sourcecode.c.h; path = "UIView+Frame.h"; sourceTree = "<group>"; };
		2B7D43D32424976700BBD978 /* UIView+Frame.m */ = {isa = PBXFileReference; lastKnownFileType = sourcecode.c.objc; path = "UIView+Frame.m"; sourceTree = "<group>"; };
		2B7D43D524249B0900BBD978 /* PrefixHeader.pch */ = {isa = PBXFileReference; lastKnownFileType = sourcecode.c.h; path = PrefixHeader.pch; sourceTree = "<group>"; };
		2BB2D130242B4C5C00D74B01 /* BDAdvertController.h */ = {isa = PBXFileReference; lastKnownFileType = sourcecode.c.h; path = BDAdvertController.h; sourceTree = "<group>"; };
		2BB2D131242B4C5C00D74B01 /* BDAdvertController.m */ = {isa = PBXFileReference; lastKnownFileType = sourcecode.c.objc; path = BDAdvertController.m; sourceTree = "<group>"; };
		2BB2D132242B4C5C00D74B01 /* BDAdvertController.xib */ = {isa = PBXFileReference; lastKnownFileType = file.xib; path = BDAdvertController.xib; sourceTree = "<group>"; };
		2BB2D138242B54FF00D74B01 /* LaunchImage-800-Portrait-736h@3x.png */ = {isa = PBXFileReference; lastKnownFileType = image.png; path = "LaunchImage-800-Portrait-736h@3x.png"; sourceTree = "<group>"; };
		2BB2D14F2433499B00D74B01 /* BDSubTopicController.h */ = {isa = PBXFileReference; lastKnownFileType = sourcecode.c.h; path = BDSubTopicController.h; sourceTree = "<group>"; };
		2BB2D1502433499B00D74B01 /* BDSubTopicController.m */ = {isa = PBXFileReference; lastKnownFileType = sourcecode.c.objc; path = BDSubTopicController.m; sourceTree = "<group>"; };
		2BB2D15624334CB000D74B01 /* BDHTTPSessionManager.h */ = {isa = PBXFileReference; lastKnownFileType = sourcecode.c.h; path = BDHTTPSessionManager.h; sourceTree = "<group>"; };
		2BB2D15724334CB000D74B01 /* BDHTTPSessionManager.m */ = {isa = PBXFileReference; lastKnownFileType = sourcecode.c.objc; path = BDHTTPSessionManager.m; sourceTree = "<group>"; };
		2BB99C702420A33B0005A03C /* Budejie.app */ = {isa = PBXFileReference; explicitFileType = wrapper.application; includeInIndex = 0; path = Budejie.app; sourceTree = BUILT_PRODUCTS_DIR; };
		2BB99C732420A33B0005A03C /* AppDelegate.h */ = {isa = PBXFileReference; lastKnownFileType = sourcecode.c.h; path = AppDelegate.h; sourceTree = "<group>"; };
		2BB99C742420A33B0005A03C /* AppDelegate.m */ = {isa = PBXFileReference; lastKnownFileType = sourcecode.c.objc; path = AppDelegate.m; sourceTree = "<group>"; };
		2BB99C762420A33B0005A03C /* SceneDelegate.h */ = {isa = PBXFileReference; lastKnownFileType = sourcecode.c.h; path = SceneDelegate.h; sourceTree = "<group>"; };
		2BB99C772420A33B0005A03C /* SceneDelegate.m */ = {isa = PBXFileReference; lastKnownFileType = sourcecode.c.objc; path = SceneDelegate.m; sourceTree = "<group>"; };
		2BB99C822420A33F0005A03C /* Base */ = {isa = PBXFileReference; lastKnownFileType = file.storyboard; name = Base; path = Base.lproj/LaunchScreen.storyboard; sourceTree = "<group>"; };
		2BB99C842420A33F0005A03C /* Info.plist */ = {isa = PBXFileReference; lastKnownFileType = text.plist.xml; path = Info.plist; sourceTree = "<group>"; };
		2BB99C852420A33F0005A03C /* main.m */ = {isa = PBXFileReference; lastKnownFileType = sourcecode.c.objc; path = main.m; sourceTree = "<group>"; };
		2BB99C8B2420A33F0005A03C /* BudejieTests.xctest */ = {isa = PBXFileReference; explicitFileType = wrapper.cfbundle; includeInIndex = 0; path = BudejieTests.xctest; sourceTree = BUILT_PRODUCTS_DIR; };
		2BB99C8F2420A33F0005A03C /* BudejieTests.m */ = {isa = PBXFileReference; lastKnownFileType = sourcecode.c.objc; path = BudejieTests.m; sourceTree = "<group>"; };
		2BB99C912420A33F0005A03C /* Info.plist */ = {isa = PBXFileReference; lastKnownFileType = text.plist.xml; path = Info.plist; sourceTree = "<group>"; };
		2BB99C962420A33F0005A03C /* BudejieUITests.xctest */ = {isa = PBXFileReference; explicitFileType = wrapper.cfbundle; includeInIndex = 0; path = BudejieUITests.xctest; sourceTree = BUILT_PRODUCTS_DIR; };
		2BB99C9A2420A33F0005A03C /* BudejieUITests.m */ = {isa = PBXFileReference; lastKnownFileType = sourcecode.c.objc; path = BudejieUITests.m; sourceTree = "<group>"; };
		2BB99C9C2420A33F0005A03C /* Info.plist */ = {isa = PBXFileReference; lastKnownFileType = text.plist.xml; path = Info.plist; sourceTree = "<group>"; };
		2BB99CB22420C8000005A03C /* BDEssenceViewController.h */ = {isa = PBXFileReference; lastKnownFileType = sourcecode.c.h; path = BDEssenceViewController.h; sourceTree = "<group>"; };
		2BB99CB32420C8000005A03C /* BDEssenceViewController.m */ = {isa = PBXFileReference; lastKnownFileType = sourcecode.c.objc; path = BDEssenceViewController.m; sourceTree = "<group>"; };
		2BB99CB52420C8250005A03C /* BDFriendViewController.h */ = {isa = PBXFileReference; lastKnownFileType = sourcecode.c.h; path = BDFriendViewController.h; sourceTree = "<group>"; };
		2BB99CB62420C8250005A03C /* BDFriendViewController.m */ = {isa = PBXFileReference; lastKnownFileType = sourcecode.c.objc; path = BDFriendViewController.m; sourceTree = "<group>"; };
		2BB99CB82420C84B0005A03C /* BDMeViewController.h */ = {isa = PBXFileReference; lastKnownFileType = sourcecode.c.h; path = BDMeViewController.h; sourceTree = "<group>"; };
		2BB99CB92420C84B0005A03C /* BDMeViewController.m */ = {isa = PBXFileReference; lastKnownFileType = sourcecode.c.objc; path = BDMeViewController.m; sourceTree = "<group>"; };
		2BB99CBB2420C8640005A03C /* BDNewViewController.h */ = {isa = PBXFileReference; lastKnownFileType = sourcecode.c.h; path = BDNewViewController.h; sourceTree = "<group>"; };
		2BB99CBC2420C8640005A03C /* BDNewViewController.m */ = {isa = PBXFileReference; lastKnownFileType = sourcecode.c.objc; path = BDNewViewController.m; sourceTree = "<group>"; };
		2BB99CBE2420C87B0005A03C /* BDPubilcViewController.h */ = {isa = PBXFileReference; lastKnownFileType = sourcecode.c.h; path = BDPubilcViewController.h; sourceTree = "<group>"; };
		2BB99CBF2420C87B0005A03C /* BDPubilcViewController.m */ = {isa = PBXFileReference; lastKnownFileType = sourcecode.c.objc; path = BDPubilcViewController.m; sourceTree = "<group>"; };
		2BB99CC92420D6BF0005A03C /* BDTabBarController.h */ = {isa = PBXFileReference; lastKnownFileType = sourcecode.c.h; path = BDTabBarController.h; sourceTree = "<group>"; };
		2BB99CCA2420D6BF0005A03C /* BDTabBarController.m */ = {isa = PBXFileReference; lastKnownFileType = sourcecode.c.objc; path = BDTabBarController.m; sourceTree = "<group>"; };
		2BB99CD02421F2570005A03C /* UIImage+BDimage.h */ = {isa = PBXFileReference; lastKnownFileType = sourcecode.c.h; path = "UIImage+BDimage.h"; sourceTree = "<group>"; };
		2BB99CD12421F2570005A03C /* UIImage+BDimage.m */ = {isa = PBXFileReference; lastKnownFileType = sourcecode.c.objc; path = "UIImage+BDimage.m"; sourceTree = "<group>"; };
		3D4E331CADDBDBFC94332D99 /* Pods-BudejieTests.debug.xcconfig */ = {isa = PBXFileReference; includeInIndex = 1; lastKnownFileType = text.xcconfig; name = "Pods-BudejieTests.debug.xcconfig"; path = "Target Support Files/Pods-BudejieTests/Pods-BudejieTests.debug.xcconfig"; sourceTree = "<group>"; };
		47836884C247BD27D8E291A2 /* Pods-Budejie-BudejieUITests.release.xcconfig */ = {isa = PBXFileReference; includeInIndex = 1; lastKnownFileType = text.xcconfig; name = "Pods-Budejie-BudejieUITests.release.xcconfig"; path = "Target Support Files/Pods-Budejie-BudejieUITests/Pods-Budejie-BudejieUITests.release.xcconfig"; sourceTree = "<group>"; };
		6F54D5062425F462000627FD /* Assets.xcassets */ = {isa = PBXFileReference; lastKnownFileType = folder.assetcatalog; name = Assets.xcassets; path = ../../Assets.xcassets; sourceTree = "<group>"; };
		75708C086A52063D0501B034 /* Pods_Budejie.framework */ = {isa = PBXFileReference; explicitFileType = wrapper.framework; includeInIndex = 0; path = Pods_Budejie.framework; sourceTree = BUILT_PRODUCTS_DIR; };
		82923388F1847E15D930776B /* Pods-Budejie.release.xcconfig */ = {isa = PBXFileReference; includeInIndex = 1; lastKnownFileType = text.xcconfig; name = "Pods-Budejie.release.xcconfig"; path = "Target Support Files/Pods-Budejie/Pods-Budejie.release.xcconfig"; sourceTree = "<group>"; };
		97B0FAACF60DD928A5E69069 /* Pods_Budejie_BudejieUITests.framework */ = {isa = PBXFileReference; explicitFileType = wrapper.framework; includeInIndex = 0; path = Pods_Budejie_BudejieUITests.framework; sourceTree = BUILT_PRODUCTS_DIR; };
		A9F54B013551234EC1FBBCA2 /* Pods_BudejieTests.framework */ = {isa = PBXFileReference; explicitFileType = wrapper.framework; includeInIndex = 0; path = Pods_BudejieTests.framework; sourceTree = BUILT_PRODUCTS_DIR; };
		ACE2707AC2C711DD219CCB86 /* Pods-Budejie.debug.xcconfig */ = {isa = PBXFileReference; includeInIndex = 1; lastKnownFileType = text.xcconfig; name = "Pods-Budejie.debug.xcconfig"; path = "Target Support Files/Pods-Budejie/Pods-Budejie.debug.xcconfig"; sourceTree = "<group>"; };
		BB14058A07EA9C53E9B7C50C /* Pods-Budejie-BudejieUITests.debug.xcconfig */ = {isa = PBXFileReference; includeInIndex = 1; lastKnownFileType = text.xcconfig; name = "Pods-Budejie-BudejieUITests.debug.xcconfig"; path = "Target Support Files/Pods-Budejie-BudejieUITests/Pods-Budejie-BudejieUITests.debug.xcconfig"; sourceTree = "<group>"; };
/* End PBXFileReference section */

/* Begin PBXFrameworksBuildPhase section */
		2BB99C6D2420A33B0005A03C /* Frameworks */ = {
			isa = PBXFrameworksBuildPhase;
			buildActionMask = 2147483647;
			files = (
				1E92A80A3D762CE74DA556A3 /* Pods_Budejie.framework in Frameworks */,
			);
			runOnlyForDeploymentPostprocessing = 0;
		};
		2BB99C882420A33F0005A03C /* Frameworks */ = {
			isa = PBXFrameworksBuildPhase;
			buildActionMask = 2147483647;
			files = (
				A2547266D4B5110774F0619D /* Pods_BudejieTests.framework in Frameworks */,
			);
			runOnlyForDeploymentPostprocessing = 0;
		};
		2BB99C932420A33F0005A03C /* Frameworks */ = {
			isa = PBXFrameworksBuildPhase;
			buildActionMask = 2147483647;
			files = (
				91186D9DFBFC051AA64F8F66 /* Pods_Budejie_BudejieUITests.framework in Frameworks */,
			);
			runOnlyForDeploymentPostprocessing = 0;
		};
/* End PBXFrameworksBuildPhase section */

/* Begin PBXGroup section */
		2B2EEFB32424C1D00077770B /* setting */ = {
			isa = PBXGroup;
			children = (
				2B2EEFB42424C2100077770B /* BDSettingViewController.h */,
				2B2EEFB52424C2100077770B /* BDSettingViewController.m */,
			);
			path = setting;
			sourceTree = "<group>";
		};
		2BB2D12F242B48EA00D74B01 /* advert */ = {
			isa = PBXGroup;
			children = (
				2BB2D130242B4C5C00D74B01 /* BDAdvertController.h */,
				2BB2D131242B4C5C00D74B01 /* BDAdvertController.m */,
				2BB2D132242B4C5C00D74B01 /* BDAdvertController.xib */,
			);
			path = advert;
			sourceTree = "<group>";
		};
		2BB2D15224334B0200D74B01 /* netwroking */ = {
			isa = PBXGroup;
			children = (
				2BB2D15624334CB000D74B01 /* BDHTTPSessionManager.h */,
				2BB2D15724334CB000D74B01 /* BDHTTPSessionManager.m */,
			);
			path = netwroking;
			sourceTree = "<group>";
		};
		2BB99C672420A33A0005A03C = {
			isa = PBXGroup;
			children = (
				2BB99C722420A33B0005A03C /* Budejie */,
				2BB99C8E2420A33F0005A03C /* BudejieTests */,
				2BB99C992420A33F0005A03C /* BudejieUITests */,
				2BB99C712420A33B0005A03C /* Products */,
				3B2D7B8845B566CA623ED27E /* Pods */,
				4A45A1A8A48ADD69CE4123DD /* Frameworks */,
			);
			sourceTree = "<group>";
		};
		2BB99C712420A33B0005A03C /* Products */ = {
			isa = PBXGroup;
			children = (
				2BB99C702420A33B0005A03C /* Budejie.app */,
				2BB99C8B2420A33F0005A03C /* BudejieTests.xctest */,
				2BB99C962420A33F0005A03C /* BudejieUITests.xctest */,
			);
			name = Products;
			sourceTree = "<group>";
		};
		2BB99C722420A33B0005A03C /* Budejie */ = {
			isa = PBXGroup;
			children = (
				2BB2D138242B54FF00D74B01 /* LaunchImage-800-Portrait-736h@3x.png */,
				2BB99C812420A33F0005A03C /* LaunchScreen.storyboard */,
				6F54D5062425F462000627FD /* Assets.xcassets */,
				2BB99C842420A33F0005A03C /* Info.plist */,
				2BB2D12F242B48EA00D74B01 /* advert */,
				2BB99CC22420D4720005A03C /* main */,
				2BB99CAC2420C2870005A03C /* Essence */,
				2BB99CA92420C27F0005A03C /* New */,
				2BB99CAD2420C2E90005A03C /* Public */,
				2BB99CAB2420C2840005A03C /* FriendTrend */,
				2BB99CAA2420C2810005A03C /* Me */,
				2B2EEFB32424C1D00077770B /* setting */,
				2BB2D15224334B0200D74B01 /* netwroking */,
				2BB99CA82420C2600005A03C /* Other */,
			);
			path = Budejie;
			sourceTree = "<group>";
		};
		2BB99C8E2420A33F0005A03C /* BudejieTests */ = {
			isa = PBXGroup;
			children = (
				2BB99C8F2420A33F0005A03C /* BudejieTests.m */,
				2BB99C912420A33F0005A03C /* Info.plist */,
			);
			path = BudejieTests;
			sourceTree = "<group>";
		};
		2BB99C992420A33F0005A03C /* BudejieUITests */ = {
			isa = PBXGroup;
			children = (
				2BB99C9A2420A33F0005A03C /* BudejieUITests.m */,
				2BB99C9C2420A33F0005A03C /* Info.plist */,
			);
			path = BudejieUITests;
			sourceTree = "<group>";
		};
		2BB99CA82420C2600005A03C /* Other */ = {
			isa = PBXGroup;
			children = (
				2BB99CCF2421F2370005A03C /* category */,
				2BB99C852420A33F0005A03C /* main.m */,
				2BB99C762420A33B0005A03C /* SceneDelegate.h */,
				2BB99C772420A33B0005A03C /* SceneDelegate.m */,
				2BB99C732420A33B0005A03C /* AppDelegate.h */,
				2BB99C742420A33B0005A03C /* AppDelegate.m */,
				2B7D43D524249B0900BBD978 /* PrefixHeader.pch */,
			);
			path = Other;
			sourceTree = "<group>";
		};
		2BB99CA92420C27F0005A03C /* New */ = {
			isa = PBXGroup;
			children = (
				2BB99CBB2420C8640005A03C /* BDNewViewController.h */,
				2BB99CBC2420C8640005A03C /* BDNewViewController.m */,
				2BB2D14F2433499B00D74B01 /* BDSubTopicController.h */,
				2BB2D1502433499B00D74B01 /* BDSubTopicController.m */,
			);
			path = New;
			sourceTree = "<group>";
		};
		2BB99CAA2420C2810005A03C /* Me */ = {
			isa = PBXGroup;
			children = (
				2BB99CB82420C84B0005A03C /* BDMeViewController.h */,
				2BB99CB92420C84B0005A03C /* BDMeViewController.m */,
			);
			path = Me;
			sourceTree = "<group>";
		};
		2BB99CAB2420C2840005A03C /* FriendTrend */ = {
			isa = PBXGroup;
			children = (
				2BB99CB52420C8250005A03C /* BDFriendViewController.h */,
				2BB99CB62420C8250005A03C /* BDFriendViewController.m */,
			);
			path = FriendTrend;
			sourceTree = "<group>";
		};
		2BB99CAC2420C2870005A03C /* Essence */ = {
			isa = PBXGroup;
			children = (
				2BB99CB22420C8000005A03C /* BDEssenceViewController.h */,
				2BB99CB32420C8000005A03C /* BDEssenceViewController.m */,
			);
			path = Essence;
			sourceTree = "<group>";
		};
		2BB99CAD2420C2E90005A03C /* Public */ = {
			isa = PBXGroup;
			children = (
				2BB99CBE2420C87B0005A03C /* BDPubilcViewController.h */,
				2BB99CBF2420C87B0005A03C /* BDPubilcViewController.m */,
			);
			path = Public;
			sourceTree = "<group>";
		};
		2BB99CC22420D4720005A03C /* main */ = {
			isa = PBXGroup;
			children = (
				2BB99CC92420D6BF0005A03C /* BDTabBarController.h */,
				2BB99CCA2420D6BF0005A03C /* BDTabBarController.m */,
				2B7D43CF242210F800BBD978 /* BDTabBar.h */,
				2B7D43D0242210F800BBD978 /* BDTabBar.m */,
				2B2EEFB02424BCB60077770B /* BDNavigationViewController.h */,
				2B2EEFB12424BCB60077770B /* BDNavigationViewController.m */,
			);
			path = main;
			sourceTree = "<group>";
		};
		2BB99CCF2421F2370005A03C /* category */ = {
			isa = PBXGroup;
			children = (
				2BB99CD02421F2570005A03C /* UIImage+BDimage.h */,
				2BB99CD12421F2570005A03C /* UIImage+BDimage.m */,
				2B7D43D22424976700BBD978 /* UIView+Frame.h */,
				2B7D43D32424976700BBD978 /* UIView+Frame.m */,
				2B2EEFAD2424AFBD0077770B /* UIBarButtonItem+item.h */,
				2B2EEFAE2424AFBD0077770B /* UIBarButtonItem+item.m */,
			);
			path = category;
			sourceTree = "<group>";
		};
		3B2D7B8845B566CA623ED27E /* Pods */ = {
			isa = PBXGroup;
			children = (
				ACE2707AC2C711DD219CCB86 /* Pods-Budejie.debug.xcconfig */,
				82923388F1847E15D930776B /* Pods-Budejie.release.xcconfig */,
				BB14058A07EA9C53E9B7C50C /* Pods-Budejie-BudejieUITests.debug.xcconfig */,
				47836884C247BD27D8E291A2 /* Pods-Budejie-BudejieUITests.release.xcconfig */,
				3D4E331CADDBDBFC94332D99 /* Pods-BudejieTests.debug.xcconfig */,
				0298E7F4279B8B5B871AD704 /* Pods-BudejieTests.release.xcconfig */,
			);
			path = Pods;
			sourceTree = "<group>";
		};
		4A45A1A8A48ADD69CE4123DD /* Frameworks */ = {
			isa = PBXGroup;
			children = (
				75708C086A52063D0501B034 /* Pods_Budejie.framework */,
				97B0FAACF60DD928A5E69069 /* Pods_Budejie_BudejieUITests.framework */,
				A9F54B013551234EC1FBBCA2 /* Pods_BudejieTests.framework */,
			);
			name = Frameworks;
			sourceTree = "<group>";
		};
/* End PBXGroup section */

/* Begin PBXNativeTarget section */
		2BB99C6F2420A33B0005A03C /* Budejie */ = {
			isa = PBXNativeTarget;
			buildConfigurationList = 2BB99C9F2420A33F0005A03C /* Build configuration list for PBXNativeTarget "Budejie" */;
			buildPhases = (
				50F948BDA416949D6D7ED0C5 /* [CP] Check Pods Manifest.lock */,
				2BB99C6C2420A33B0005A03C /* Sources */,
				2BB99C6D2420A33B0005A03C /* Frameworks */,
				2BB99C6E2420A33B0005A03C /* Resources */,
				8E1DC5FB7F7F100622694C9F /* [CP] Embed Pods Frameworks */,
			);
			buildRules = (
			);
			dependencies = (
			);
			name = Budejie;
			productName = Budejie;
			productReference = 2BB99C702420A33B0005A03C /* Budejie.app */;
			productType = "com.apple.product-type.application";
		};
		2BB99C8A2420A33F0005A03C /* BudejieTests */ = {
			isa = PBXNativeTarget;
			buildConfigurationList = 2BB99CA22420A33F0005A03C /* Build configuration list for PBXNativeTarget "BudejieTests" */;
			buildPhases = (
				A44F7E53DA399E6D098BC886 /* [CP] Check Pods Manifest.lock */,
				2BB99C872420A33F0005A03C /* Sources */,
				2BB99C882420A33F0005A03C /* Frameworks */,
				2BB99C892420A33F0005A03C /* Resources */,
			);
			buildRules = (
			);
			dependencies = (
				2BB99C8D2420A33F0005A03C /* PBXTargetDependency */,
			);
			name = BudejieTests;
			productName = BudejieTests;
			productReference = 2BB99C8B2420A33F0005A03C /* BudejieTests.xctest */;
			productType = "com.apple.product-type.bundle.unit-test";
		};
		2BB99C952420A33F0005A03C /* BudejieUITests */ = {
			isa = PBXNativeTarget;
			buildConfigurationList = 2BB99CA52420A33F0005A03C /* Build configuration list for PBXNativeTarget "BudejieUITests" */;
			buildPhases = (
				589154AD8B5D79738F2227F6 /* [CP] Check Pods Manifest.lock */,
				2BB99C922420A33F0005A03C /* Sources */,
				2BB99C932420A33F0005A03C /* Frameworks */,
				2BB99C942420A33F0005A03C /* Resources */,
				2B9C81CC47348C312FA74B0E /* [CP] Embed Pods Frameworks */,
			);
			buildRules = (
			);
			dependencies = (
				2BB99C982420A33F0005A03C /* PBXTargetDependency */,
			);
			name = BudejieUITests;
			productName = BudejieUITests;
			productReference = 2BB99C962420A33F0005A03C /* BudejieUITests.xctest */;
			productType = "com.apple.product-type.bundle.ui-testing";
		};
/* End PBXNativeTarget section */

/* Begin PBXProject section */
		2BB99C682420A33A0005A03C /* Project object */ = {
			isa = PBXProject;
			attributes = {
				CLASSPREFIX = BD;
				LastUpgradeCheck = 1130;
				ORGANIZATIONNAME = "zq m";
				TargetAttributes = {
					2BB99C6F2420A33B0005A03C = {
						CreatedOnToolsVersion = 11.3.1;
					};
					2BB99C8A2420A33F0005A03C = {
						CreatedOnToolsVersion = 11.3.1;
						TestTargetID = 2BB99C6F2420A33B0005A03C;
					};
					2BB99C952420A33F0005A03C = {
						CreatedOnToolsVersion = 11.3.1;
						TestTargetID = 2BB99C6F2420A33B0005A03C;
					};
				};
			};
			buildConfigurationList = 2BB99C6B2420A33B0005A03C /* Build configuration list for PBXProject "Budejie" */;
			compatibilityVersion = "Xcode 9.3";
			developmentRegion = en;
			hasScannedForEncodings = 0;
			knownRegions = (
				en,
				Base,
			);
			mainGroup = 2BB99C672420A33A0005A03C;
			productRefGroup = 2BB99C712420A33B0005A03C /* Products */;
			projectDirPath = "";
			projectRoot = "";
			targets = (
				2BB99C6F2420A33B0005A03C /* Budejie */,
				2BB99C8A2420A33F0005A03C /* BudejieTests */,
				2BB99C952420A33F0005A03C /* BudejieUITests */,
			);
		};
/* End PBXProject section */

/* Begin PBXResourcesBuildPhase section */
		2BB99C6E2420A33B0005A03C /* Resources */ = {
			isa = PBXResourcesBuildPhase;
			buildActionMask = 2147483647;
			files = (
				2BB2D139242B54FF00D74B01 /* LaunchImage-800-Portrait-736h@3x.png in Resources */,
				6F54D5072425F462000627FD /* Assets.xcassets in Resources */,
				2BB2D134242B4C5C00D74B01 /* BDAdvertController.xib in Resources */,
				2BB99C832420A33F0005A03C /* LaunchScreen.storyboard in Resources */,
			);
			runOnlyForDeploymentPostprocessing = 0;
		};
		2BB99C892420A33F0005A03C /* Resources */ = {
			isa = PBXResourcesBuildPhase;
			buildActionMask = 2147483647;
			files = (
			);
			runOnlyForDeploymentPostprocessing = 0;
		};
		2BB99C942420A33F0005A03C /* Resources */ = {
			isa = PBXResourcesBuildPhase;
			buildActionMask = 2147483647;
			files = (
			);
			runOnlyForDeploymentPostprocessing = 0;
		};
/* End PBXResourcesBuildPhase section */

/* Begin PBXShellScriptBuildPhase section */
		2B9C81CC47348C312FA74B0E /* [CP] Embed Pods Frameworks */ = {
			isa = PBXShellScriptBuildPhase;
			buildActionMask = 2147483647;
			files = (
			);
			inputFileListPaths = (
				"${PODS_ROOT}/Target Support Files/Pods-Budejie-BudejieUITests/Pods-Budejie-BudejieUITests-frameworks-${CONFIGURATION}-input-files.xcfilelist",
			);
			name = "[CP] Embed Pods Frameworks";
			outputFileListPaths = (
				"${PODS_ROOT}/Target Support Files/Pods-Budejie-BudejieUITests/Pods-Budejie-BudejieUITests-frameworks-${CONFIGURATION}-output-files.xcfilelist",
			);
			runOnlyForDeploymentPostprocessing = 0;
			shellPath = /bin/sh;
			shellScript = "\"${PODS_ROOT}/Target Support Files/Pods-Budejie-BudejieUITests/Pods-Budejie-BudejieUITests-frameworks.sh\"\n";
			showEnvVarsInLog = 0;
		};
		50F948BDA416949D6D7ED0C5 /* [CP] Check Pods Manifest.lock */ = {
			isa = PBXShellScriptBuildPhase;
			buildActionMask = 2147483647;
			files = (
			);
			inputFileListPaths = (
			);
			inputPaths = (
				"${PODS_PODFILE_DIR_PATH}/Podfile.lock",
				"${PODS_ROOT}/Manifest.lock",
			);
			name = "[CP] Check Pods Manifest.lock";
			outputFileListPaths = (
			);
			outputPaths = (
				"$(DERIVED_FILE_DIR)/Pods-Budejie-checkManifestLockResult.txt",
			);
			runOnlyForDeploymentPostprocessing = 0;
			shellPath = /bin/sh;
			shellScript = "diff \"${PODS_PODFILE_DIR_PATH}/Podfile.lock\" \"${PODS_ROOT}/Manifest.lock\" > /dev/null\nif [ $? != 0 ] ; then\n    # print error to STDERR\n    echo \"error: The sandbox is not in sync with the Podfile.lock. Run 'pod install' or update your CocoaPods installation.\" >&2\n    exit 1\nfi\n# This output is used by Xcode 'outputs' to avoid re-running this script phase.\necho \"SUCCESS\" > \"${SCRIPT_OUTPUT_FILE_0}\"\n";
			showEnvVarsInLog = 0;
		};
		589154AD8B5D79738F2227F6 /* [CP] Check Pods Manifest.lock */ = {
			isa = PBXShellScriptBuildPhase;
			buildActionMask = 2147483647;
			files = (
			);
			inputFileListPaths = (
			);
			inputPaths = (
				"${PODS_PODFILE_DIR_PATH}/Podfile.lock",
				"${PODS_ROOT}/Manifest.lock",
			);
			name = "[CP] Check Pods Manifest.lock";
			outputFileListPaths = (
			);
			outputPaths = (
				"$(DERIVED_FILE_DIR)/Pods-Budejie-BudejieUITests-checkManifestLockResult.txt",
			);
			runOnlyForDeploymentPostprocessing = 0;
			shellPath = /bin/sh;
			shellScript = "diff \"${PODS_PODFILE_DIR_PATH}/Podfile.lock\" \"${PODS_ROOT}/Manifest.lock\" > /dev/null\nif [ $? != 0 ] ; then\n    # print error to STDERR\n    echo \"error: The sandbox is not in sync with the Podfile.lock. Run 'pod install' or update your CocoaPods installation.\" >&2\n    exit 1\nfi\n# This output is used by Xcode 'outputs' to avoid re-running this script phase.\necho \"SUCCESS\" > \"${SCRIPT_OUTPUT_FILE_0}\"\n";
			showEnvVarsInLog = 0;
		};
		8E1DC5FB7F7F100622694C9F /* [CP] Embed Pods Frameworks */ = {
			isa = PBXShellScriptBuildPhase;
			buildActionMask = 2147483647;
			files = (
			);
			inputFileListPaths = (
				"${PODS_ROOT}/Target Support Files/Pods-Budejie/Pods-Budejie-frameworks-${CONFIGURATION}-input-files.xcfilelist",
			);
			name = "[CP] Embed Pods Frameworks";
			outputFileListPaths = (
				"${PODS_ROOT}/Target Support Files/Pods-Budejie/Pods-Budejie-frameworks-${CONFIGURATION}-output-files.xcfilelist",
			);
			runOnlyForDeploymentPostprocessing = 0;
			shellPath = /bin/sh;
			shellScript = "\"${PODS_ROOT}/Target Support Files/Pods-Budejie/Pods-Budejie-frameworks.sh\"\n";
			showEnvVarsInLog = 0;
		};
		A44F7E53DA399E6D098BC886 /* [CP] Check Pods Manifest.lock */ = {
			isa = PBXShellScriptBuildPhase;
			buildActionMask = 2147483647;
			files = (
			);
			inputFileListPaths = (
			);
			inputPaths = (
				"${PODS_PODFILE_DIR_PATH}/Podfile.lock",
				"${PODS_ROOT}/Manifest.lock",
			);
			name = "[CP] Check Pods Manifest.lock";
			outputFileListPaths = (
			);
			outputPaths = (
				"$(DERIVED_FILE_DIR)/Pods-BudejieTests-checkManifestLockResult.txt",
			);
			runOnlyForDeploymentPostprocessing = 0;
			shellPath = /bin/sh;
			shellScript = "diff \"${PODS_PODFILE_DIR_PATH}/Podfile.lock\" \"${PODS_ROOT}/Manifest.lock\" > /dev/null\nif [ $? != 0 ] ; then\n    # print error to STDERR\n    echo \"error: The sandbox is not in sync with the Podfile.lock. Run 'pod install' or update your CocoaPods installation.\" >&2\n    exit 1\nfi\n# This output is used by Xcode 'outputs' to avoid re-running this script phase.\necho \"SUCCESS\" > \"${SCRIPT_OUTPUT_FILE_0}\"\n";
			showEnvVarsInLog = 0;
		};
/* End PBXShellScriptBuildPhase section */

/* Begin PBXSourcesBuildPhase section */
		2BB99C6C2420A33B0005A03C /* Sources */ = {
			isa = PBXSourcesBuildPhase;
			buildActionMask = 2147483647;
			files = (
				2B7D43D42424976700BBD978 /* UIView+Frame.m in Sources */,
				2BB99CCB2420D6BF0005A03C /* BDTabBarController.m in Sources */,
				2BB2D15824334CB000D74B01 /* BDHTTPSessionManager.m in Sources */,
				2BB99CBA2420C84B0005A03C /* BDMeViewController.m in Sources */,
				2BB99CBD2420C8640005A03C /* BDNewViewController.m in Sources */,
				2B2EEFB62424C2100077770B /* BDSettingViewController.m in Sources */,
				2BB99CD22421F2570005A03C /* UIImage+BDimage.m in Sources */,
				2B7D43D1242210F800BBD978 /* BDTabBar.m in Sources */,
				2BB99C752420A33B0005A03C /* AppDelegate.m in Sources */,
				2BB99C862420A33F0005A03C /* main.m in Sources */,
				2BB99CB72420C8250005A03C /* BDFriendViewController.m in Sources */,
				2BB99C782420A33B0005A03C /* SceneDelegate.m in Sources */,
				2B2EEFAF2424AFBD0077770B /* UIBarButtonItem+item.m in Sources */,
				2BB99CB42420C8000005A03C /* BDEssenceViewController.m in Sources */,
				2B2EEFB22424BCB60077770B /* BDNavigationViewController.m in Sources */,
				2BB99CC02420C87B0005A03C /* BDPubilcViewController.m in Sources */,
				2BB2D1512433499B00D74B01 /* BDSubTopicController.m in Sources */,
				2BB2D133242B4C5C00D74B01 /* BDAdvertController.m in Sources */,
			);
			runOnlyForDeploymentPostprocessing = 0;
		};
		2BB99C872420A33F0005A03C /* Sources */ = {
			isa = PBXSourcesBuildPhase;
			buildActionMask = 2147483647;
			files = (
				2BB99C902420A33F0005A03C /* BudejieTests.m in Sources */,
			);
			runOnlyForDeploymentPostprocessing = 0;
		};
		2BB99C922420A33F0005A03C /* Sources */ = {
			isa = PBXSourcesBuildPhase;
			buildActionMask = 2147483647;
			files = (
				2BB99C9B2420A33F0005A03C /* BudejieUITests.m in Sources */,
			);
			runOnlyForDeploymentPostprocessing = 0;
		};
/* End PBXSourcesBuildPhase section */

/* Begin PBXTargetDependency section */
		2BB99C8D2420A33F0005A03C /* PBXTargetDependency */ = {
			isa = PBXTargetDependency;
			target = 2BB99C6F2420A33B0005A03C /* Budejie */;
			targetProxy = 2BB99C8C2420A33F0005A03C /* PBXContainerItemProxy */;
		};
		2BB99C982420A33F0005A03C /* PBXTargetDependency */ = {
			isa = PBXTargetDependency;
			target = 2BB99C6F2420A33B0005A03C /* Budejie */;
			targetProxy = 2BB99C972420A33F0005A03C /* PBXContainerItemProxy */;
		};
/* End PBXTargetDependency section */

/* Begin PBXVariantGroup section */
		2BB99C812420A33F0005A03C /* LaunchScreen.storyboard */ = {
			isa = PBXVariantGroup;
			children = (
				2BB99C822420A33F0005A03C /* Base */,
			);
			name = LaunchScreen.storyboard;
			sourceTree = "<group>";
		};
/* End PBXVariantGroup section */

/* Begin XCBuildConfiguration section */
		2BB99C9D2420A33F0005A03C /* Debug */ = {
			isa = XCBuildConfiguration;
			buildSettings = {
				ALWAYS_SEARCH_USER_PATHS = NO;
				CLANG_ANALYZER_NONNULL = YES;
				CLANG_ANALYZER_NUMBER_OBJECT_CONVERSION = YES_AGGRESSIVE;
				CLANG_CXX_LANGUAGE_STANDARD = "gnu++14";
				CLANG_CXX_LIBRARY = "libc++";
				CLANG_ENABLE_MODULES = YES;
				CLANG_ENABLE_OBJC_ARC = YES;
				CLANG_ENABLE_OBJC_WEAK = YES;
				CLANG_WARN_BLOCK_CAPTURE_AUTORELEASING = YES;
				CLANG_WARN_BOOL_CONVERSION = YES;
				CLANG_WARN_COMMA = YES;
				CLANG_WARN_CONSTANT_CONVERSION = YES;
				CLANG_WARN_DEPRECATED_OBJC_IMPLEMENTATIONS = YES;
				CLANG_WARN_DIRECT_OBJC_ISA_USAGE = YES_ERROR;
				CLANG_WARN_DOCUMENTATION_COMMENTS = YES;
				CLANG_WARN_EMPTY_BODY = YES;
				CLANG_WARN_ENUM_CONVERSION = YES;
				CLANG_WARN_INFINITE_RECURSION = YES;
				CLANG_WARN_INT_CONVERSION = YES;
				CLANG_WARN_NON_LITERAL_NULL_CONVERSION = YES;
				CLANG_WARN_OBJC_IMPLICIT_RETAIN_SELF = YES;
				CLANG_WARN_OBJC_LITERAL_CONVERSION = YES;
				CLANG_WARN_OBJC_ROOT_CLASS = YES_ERROR;
				CLANG_WARN_RANGE_LOOP_ANALYSIS = YES;
				CLANG_WARN_STRICT_PROTOTYPES = YES;
				CLANG_WARN_SUSPICIOUS_MOVE = YES;
				CLANG_WARN_UNGUARDED_AVAILABILITY = YES_AGGRESSIVE;
				CLANG_WARN_UNREACHABLE_CODE = YES;
				CLANG_WARN__DUPLICATE_METHOD_MATCH = YES;
				COPY_PHASE_STRIP = NO;
				DEBUG_INFORMATION_FORMAT = dwarf;
				ENABLE_STRICT_OBJC_MSGSEND = YES;
				ENABLE_TESTABILITY = YES;
				GCC_C_LANGUAGE_STANDARD = gnu11;
				GCC_DYNAMIC_NO_PIC = NO;
				GCC_NO_COMMON_BLOCKS = YES;
				GCC_OPTIMIZATION_LEVEL = 0;
				GCC_PREPROCESSOR_DEFINITIONS = (
					"DEBUG=1",
					"$(inherited)",
				);
				GCC_WARN_64_TO_32_BIT_CONVERSION = YES;
				GCC_WARN_ABOUT_RETURN_TYPE = YES_ERROR;
				GCC_WARN_UNDECLARED_SELECTOR = YES;
				GCC_WARN_UNINITIALIZED_AUTOS = YES_AGGRESSIVE;
				GCC_WARN_UNUSED_FUNCTION = YES;
				GCC_WARN_UNUSED_VARIABLE = YES;
				IPHONEOS_DEPLOYMENT_TARGET = 13.2;
				MTL_ENABLE_DEBUG_INFO = INCLUDE_SOURCE;
				MTL_FAST_MATH = YES;
				ONLY_ACTIVE_ARCH = YES;
				SDKROOT = iphoneos;
			};
			name = Debug;
		};
		2BB99C9E2420A33F0005A03C /* Release */ = {
			isa = XCBuildConfiguration;
			buildSettings = {
				ALWAYS_SEARCH_USER_PATHS = NO;
				CLANG_ANALYZER_NONNULL = YES;
				CLANG_ANALYZER_NUMBER_OBJECT_CONVERSION = YES_AGGRESSIVE;
				CLANG_CXX_LANGUAGE_STANDARD = "gnu++14";
				CLANG_CXX_LIBRARY = "libc++";
				CLANG_ENABLE_MODULES = YES;
				CLANG_ENABLE_OBJC_ARC = YES;
				CLANG_ENABLE_OBJC_WEAK = YES;
				CLANG_WARN_BLOCK_CAPTURE_AUTORELEASING = YES;
				CLANG_WARN_BOOL_CONVERSION = YES;
				CLANG_WARN_COMMA = YES;
				CLANG_WARN_CONSTANT_CONVERSION = YES;
				CLANG_WARN_DEPRECATED_OBJC_IMPLEMENTATIONS = YES;
				CLANG_WARN_DIRECT_OBJC_ISA_USAGE = YES_ERROR;
				CLANG_WARN_DOCUMENTATION_COMMENTS = YES;
				CLANG_WARN_EMPTY_BODY = YES;
				CLANG_WARN_ENUM_CONVERSION = YES;
				CLANG_WARN_INFINITE_RECURSION = YES;
				CLANG_WARN_INT_CONVERSION = YES;
				CLANG_WARN_NON_LITERAL_NULL_CONVERSION = YES;
				CLANG_WARN_OBJC_IMPLICIT_RETAIN_SELF = YES;
				CLANG_WARN_OBJC_LITERAL_CONVERSION = YES;
				CLANG_WARN_OBJC_ROOT_CLASS = YES_ERROR;
				CLANG_WARN_RANGE_LOOP_ANALYSIS = YES;
				CLANG_WARN_STRICT_PROTOTYPES = YES;
				CLANG_WARN_SUSPICIOUS_MOVE = YES;
				CLANG_WARN_UNGUARDED_AVAILABILITY = YES_AGGRESSIVE;
				CLANG_WARN_UNREACHABLE_CODE = YES;
				CLANG_WARN__DUPLICATE_METHOD_MATCH = YES;
				COPY_PHASE_STRIP = NO;
				DEBUG_INFORMATION_FORMAT = "dwarf-with-dsym";
				ENABLE_NS_ASSERTIONS = NO;
				ENABLE_STRICT_OBJC_MSGSEND = YES;
				GCC_C_LANGUAGE_STANDARD = gnu11;
				GCC_NO_COMMON_BLOCKS = YES;
				GCC_WARN_64_TO_32_BIT_CONVERSION = YES;
				GCC_WARN_ABOUT_RETURN_TYPE = YES_ERROR;
				GCC_WARN_UNDECLARED_SELECTOR = YES;
				GCC_WARN_UNINITIALIZED_AUTOS = YES_AGGRESSIVE;
				GCC_WARN_UNUSED_FUNCTION = YES;
				GCC_WARN_UNUSED_VARIABLE = YES;
				IPHONEOS_DEPLOYMENT_TARGET = 13.2;
				MTL_ENABLE_DEBUG_INFO = NO;
				MTL_FAST_MATH = YES;
				SDKROOT = iphoneos;
				VALIDATE_PRODUCT = YES;
			};
			name = Release;
		};
		2BB99CA02420A33F0005A03C /* Debug */ = {
			isa = XCBuildConfiguration;
			baseConfigurationReference = ACE2707AC2C711DD219CCB86 /* Pods-Budejie.debug.xcconfig */;
			buildSettings = {
				ASSETCATALOG_COMPILER_APPICON_NAME = AppIcon;
				CODE_SIGN_STYLE = Automatic;
				GCC_PREFIX_HEADER = Budejie/Other/PrefixHeader.pch;
				INFOPLIST_FILE = Budejie/Info.plist;
				LD_RUNPATH_SEARCH_PATHS = (
					"$(inherited)",
					"@executable_path/Frameworks",
				);
				PRODUCT_BUNDLE_IDENTIFIER = zhwx.Budejie;
				PRODUCT_NAME = "$(TARGET_NAME)";
				TARGETED_DEVICE_FAMILY = "1,2";
			};
			name = Debug;
		};
		2BB99CA12420A33F0005A03C /* Release */ = {
			isa = XCBuildConfiguration;
			baseConfigurationReference = 82923388F1847E15D930776B /* Pods-Budejie.release.xcconfig */;
			buildSettings = {
				ASSETCATALOG_COMPILER_APPICON_NAME = AppIcon;
				CODE_SIGN_STYLE = Automatic;
				GCC_PREFIX_HEADER = Budejie/Other/PrefixHeader.pch;
				INFOPLIST_FILE = Budejie/Info.plist;
				LD_RUNPATH_SEARCH_PATHS = (
					"$(inherited)",
					"@executable_path/Frameworks",
				);
				PRODUCT_BUNDLE_IDENTIFIER = zhwx.Budejie;
				PRODUCT_NAME = "$(TARGET_NAME)";
				TARGETED_DEVICE_FAMILY = "1,2";
			};
			name = Release;
		};
		2BB99CA32420A33F0005A03C /* Debug */ = {
			isa = XCBuildConfiguration;
			baseConfigurationReference = 3D4E331CADDBDBFC94332D99 /* Pods-BudejieTests.debug.xcconfig */;
			buildSettings = {
				BUNDLE_LOADER = "$(TEST_HOST)";
				CODE_SIGN_STYLE = Automatic;
				INFOPLIST_FILE = BudejieTests/Info.plist;
				IPHONEOS_DEPLOYMENT_TARGET = 13.2;
				LD_RUNPATH_SEARCH_PATHS = (
					"$(inherited)",
					"@executable_path/Frameworks",
					"@loader_path/Frameworks",
				);
				PRODUCT_BUNDLE_IDENTIFIER = zhwx.BudejieTests;
				PRODUCT_NAME = "$(TARGET_NAME)";
				TARGETED_DEVICE_FAMILY = "1,2";
				TEST_HOST = "$(BUILT_PRODUCTS_DIR)/Budejie.app/Budejie";
			};
			name = Debug;
		};
		2BB99CA42420A33F0005A03C /* Release */ = {
			isa = XCBuildConfiguration;
			baseConfigurationReference = 0298E7F4279B8B5B871AD704 /* Pods-BudejieTests.release.xcconfig */;
			buildSettings = {
				BUNDLE_LOADER = "$(TEST_HOST)";
				CODE_SIGN_STYLE = Automatic;
				INFOPLIST_FILE = BudejieTests/Info.plist;
				IPHONEOS_DEPLOYMENT_TARGET = 13.2;
				LD_RUNPATH_SEARCH_PATHS = (
					"$(inherited)",
					"@executable_path/Frameworks",
					"@loader_path/Frameworks",
				);
				PRODUCT_BUNDLE_IDENTIFIER = zhwx.BudejieTests;
				PRODUCT_NAME = "$(TARGET_NAME)";
				TARGETED_DEVICE_FAMILY = "1,2";
				TEST_HOST = "$(BUILT_PRODUCTS_DIR)/Budejie.app/Budejie";
			};
			name = Release;
		};
		2BB99CA62420A33F0005A03C /* Debug */ = {
			isa = XCBuildConfiguration;
			baseConfigurationReference = BB14058A07EA9C53E9B7C50C /* Pods-Budejie-BudejieUITests.debug.xcconfig */;
			buildSettings = {
				CODE_SIGN_STYLE = Automatic;
				INFOPLIST_FILE = BudejieUITests/Info.plist;
				LD_RUNPATH_SEARCH_PATHS = (
					"$(inherited)",
					"@executable_path/Frameworks",
					"@loader_path/Frameworks",
				);
				PRODUCT_BUNDLE_IDENTIFIER = zhwx.BudejieUITests;
				PRODUCT_NAME = "$(TARGET_NAME)";
				TARGETED_DEVICE_FAMILY = "1,2";
				TEST_TARGET_NAME = Budejie;
			};
			name = Debug;
		};
		2BB99CA72420A33F0005A03C /* Release */ = {
			isa = XCBuildConfiguration;
			baseConfigurationReference = 47836884C247BD27D8E291A2 /* Pods-Budejie-BudejieUITests.release.xcconfig */;
			buildSettings = {
				CODE_SIGN_STYLE = Automatic;
				INFOPLIST_FILE = BudejieUITests/Info.plist;
				LD_RUNPATH_SEARCH_PATHS = (
					"$(inherited)",
					"@executable_path/Frameworks",
					"@loader_path/Frameworks",
				);
				PRODUCT_BUNDLE_IDENTIFIER = zhwx.BudejieUITests;
				PRODUCT_NAME = "$(TARGET_NAME)";
				TARGETED_DEVICE_FAMILY = "1,2";
				TEST_TARGET_NAME = Budejie;
			};
			name = Release;
		};
/* End XCBuildConfiguration section */

/* Begin XCConfigurationList section */
		2BB99C6B2420A33B0005A03C /* Build configuration list for PBXProject "Budejie" */ = {
			isa = XCConfigurationList;
			buildConfigurations = (
				2BB99C9D2420A33F0005A03C /* Debug */,
				2BB99C9E2420A33F0005A03C /* Release */,
			);
			defaultConfigurationIsVisible = 0;
			defaultConfigurationName = Release;
		};
		2BB99C9F2420A33F0005A03C /* Build configuration list for PBXNativeTarget "Budejie" */ = {
			isa = XCConfigurationList;
			buildConfigurations = (
				2BB99CA02420A33F0005A03C /* Debug */,
				2BB99CA12420A33F0005A03C /* Release */,
			);
			defaultConfigurationIsVisible = 0;
			defaultConfigurationName = Release;
		};
		2BB99CA22420A33F0005A03C /* Build configuration list for PBXNativeTarget "BudejieTests" */ = {
			isa = XCConfigurationList;
			buildConfigurations = (
				2BB99CA32420A33F0005A03C /* Debug */,
				2BB99CA42420A33F0005A03C /* Release */,
			);
			defaultConfigurationIsVisible = 0;
			defaultConfigurationName = Release;
		};
		2BB99CA52420A33F0005A03C /* Build configuration list for PBXNativeTarget "BudejieUITests" */ = {
			isa = XCConfigurationList;
			buildConfigurations = (
				2BB99CA62420A33F0005A03C /* Debug */,
				2BB99CA72420A33F0005A03C /* Release */,
			);
			defaultConfigurationIsVisible = 0;
			defaultConfigurationName = Release;
		};
/* End XCConfigurationList section */
	};
	rootObject = 2BB99C682420A33A0005A03C /* Project object */;
}
