// !$*UTF8*$!
{
	archiveVersion = 1;
	classes = {
	};
	objectVersion = 50;
	objects = {

/* Begin PBXBuildFile section */
		2BB99C752420A33B0005A03C /* AppDelegate.m in Sources */ = {isa = PBXBuildFile; fileRef = 2BB99C742420A33B0005A03C /* AppDelegate.m */; };
		2BB99C782420A33B0005A03C /* SceneDelegate.m in Sources */ = {isa = PBXBuildFile; fileRef = 2BB99C772420A33B0005A03C /* SceneDelegate.m */; };
		2BB99C832420A33F0005A03C /* LaunchScreen.storyboard in Resources */ = {isa = PBXBuildFile; fileRef = 2BB99C812420A33F0005A03C /* LaunchScreen.storyboard */; };
		2BB99C862420A33F0005A03C /* main.m in Sources */ = {isa = PBXBuildFile; fileRef = 2BB99C852420A33F0005A03C /* main.m */; };
		2BB99C902420A33F0005A03C /* BudejieTests.m in Sources */ = {isa = PBXBuildFile; fileRef = 2BB99C8F2420A33F0005A03C /* BudejieTests.m */; };
		2BB99C9B2420A33F0005A03C /* BudejieUITests.m in Sources */ = {isa = PBXBuildFile; fileRef = 2BB99C9A2420A33F0005A03C /* BudejieUITests.m */; };
		2BB99CB12420C7B90005A03C /* Assets.xcassets in Resources */ = {isa = PBXBuildFile; fileRef = 2BB99CB02420C7B90005A03C /* Assets.xcassets */; };
		2BB99CB42420C8000005A03C /* BDEssenceViewController.m in Sources */ = {isa = PBXBuildFile; fileRef = 2BB99CB32420C8000005A03C /* BDEssenceViewController.m */; };
		2BB99CB72420C8250005A03C /* BDFriendViewController.m in Sources */ = {isa = PBXBuildFile; fileRef = 2BB99CB62420C8250005A03C /* BDFriendViewController.m */; };
		2BB99CBA2420C84B0005A03C /* BDMeViewController.m in Sources */ = {isa = PBXBuildFile; fileRef = 2BB99CB92420C84B0005A03C /* BDMeViewController.m */; };
		2BB99CBD2420C8640005A03C /* BDNewViewController.m in Sources */ = {isa = PBXBuildFile; fileRef = 2BB99CBC2420C8640005A03C /* BDNewViewController.m */; };
		2BB99CC02420C87B0005A03C /* BDPubilcViewController.m in Sources */ = {isa = PBXBuildFile; fileRef = 2BB99CBF2420C87B0005A03C /* BDPubilcViewController.m */; };
/* End PBXBuildFile section */

/* Begin PBXContainerItemProxy section */
		2BB99C8C2420A33F0005A03C /* PBXContainerItemProxy */ = {
			isa = PBXContainerItemProxy;
			containerPortal = 2BB99C682420A33A0005A03C /* Project object */;
			proxyType = 1;
			remoteGlobalIDString = 2BB99C6F2420A33B0005A03C;
			remoteInfo = Budejie;
		};
		2BB99C972420A33F0005A03C /* PBXContainerItemProxy */ = {
			isa = PBXContainerItemProxy;
			containerPortal = 2BB99C682420A33A0005A03C /* Project object */;
			proxyType = 1;
			remoteGlobalIDString = 2BB99C6F2420A33B0005A03C;
			remoteInfo = Budejie;
		};
/* End PBXContainerItemProxy section */

/* Begin PBXFileReference section */
		2BB99C702420A33B0005A03C /* Budejie.app */ = {isa = PBXFileReference; explicitFileType = wrapper.application; includeInIndex = 0; path = Budejie.app; sourceTree = BUILT_PRODUCTS_DIR; };
		2BB99C732420A33B0005A03C /* AppDelegate.h */ = {isa = PBXFileReference; lastKnownFileType = sourcecode.c.h; path = AppDelegate.h; sourceTree = "<group>"; };
		2BB99C742420A33B0005A03C /* AppDelegate.m */ = {isa = PBXFileReference; lastKnownFileType = sourcecode.c.objc; path = AppDelegate.m; sourceTree = "<group>"; };
		2BB99C762420A33B0005A03C /* SceneDelegate.h */ = {isa = PBXFileReference; lastKnownFileType = sourcecode.c.h; path = SceneDelegate.h; sourceTree = "<group>"; };
		2BB99C772420A33B0005A03C /* SceneDelegate.m */ = {isa = PBXFileReference; lastKnownFileType = sourcecode.c.objc; path = SceneDelegate.m; sourceTree = "<group>"; };
		2BB99C822420A33F0005A03C /* Base */ = {isa = PBXFileReference; lastKnownFileType = file.storyboard; name = Base; path = Base.lproj/LaunchScreen.storyboard; sourceTree = "<group>"; };
		2BB99C842420A33F0005A03C /* Info.plist */ = {isa = PBXFileReference; lastKnownFileType = text.plist.xml; path = Info.plist; sourceTree = "<group>"; };
		2BB99C852420A33F0005A03C /* main.m */ = {isa = PBXFileReference; lastKnownFileType = sourcecode.c.objc; path = main.m; sourceTree = "<group>"; };
		2BB99C8B2420A33F0005A03C /* BudejieTests.xctest */ = {isa = PBXFileReference; explicitFileType = wrapper.cfbundle; includeInIndex = 0; path = BudejieTests.xctest; sourceTree = BUILT_PRODUCTS_DIR; };
		2BB99C8F2420A33F0005A03C /* BudejieTests.m */ = {isa = PBXFileReference; lastKnownFileType = sourcecode.c.objc; path = BudejieTests.m; sourceTree = "<group>"; };
		2BB99C912420A33F0005A03C /* Info.plist */ = {isa = PBXFileReference; lastKnownFileType = text.plist.xml; path = Info.plist; sourceTree = "<group>"; };
		2BB99C962420A33F0005A03C /* BudejieUITests.xctest */ = {isa = PBXFileReference; explicitFileType = wrapper.cfbundle; includeInIndex = 0; path = BudejieUITests.xctest; sourceTree = BUILT_PRODUCTS_DIR; };
		2BB99C9A2420A33F0005A03C /* BudejieUITests.m */ = {isa = PBXFileReference; lastKnownFileType = sourcecode.c.objc; path = BudejieUITests.m; sourceTree = "<group>"; };
		2BB99C9C2420A33F0005A03C /* Info.plist */ = {isa = PBXFileReference; lastKnownFileType = text.plist.xml; path = Info.plist; sourceTree = "<group>"; };
		2BB99CB02420C7B90005A03C /* Assets.xcassets */ = {isa = PBXFileReference; lastKnownFileType = folder.assetcatalog; name = Assets.xcassets; path = "../../baisibudejie-master/baisibudejie/baisibudejie/Assets.xcassets"; sourceTree = "<group>"; };
		2BB99CB22420C8000005A03C /* BDEssenceViewController.h */ = {isa = PBXFileReference; lastKnownFileType = sourcecode.c.h; path = BDEssenceViewController.h; sourceTree = "<group>"; };
		2BB99CB32420C8000005A03C /* BDEssenceViewController.m */ = {isa = PBXFileReference; lastKnownFileType = sourcecode.c.objc; path = BDEssenceViewController.m; sourceTree = "<group>"; };
		2BB99CB52420C8250005A03C /* BDFriendViewController.h */ = {isa = PBXFileReference; lastKnownFileType = sourcecode.c.h; path = BDFriendViewController.h; sourceTree = "<group>"; };
		2BB99CB62420C8250005A03C /* BDFriendViewController.m */ = {isa = PBXFileReference; lastKnownFileType = sourcecode.c.objc; path = BDFriendViewController.m; sourceTree = "<group>"; };
		2BB99CB82420C84B0005A03C /* BDMeViewController.h */ = {isa = PBXFileReference; lastKnownFileType = sourcecode.c.h; path = BDMeViewController.h; sourceTree = "<group>"; };
		2BB99CB92420C84B0005A03C /* BDMeViewController.m */ = {isa = PBXFileReference; lastKnownFileType = sourcecode.c.objc; path = BDMeViewController.m; sourceTree = "<group>"; };
		2BB99CBB2420C8640005A03C /* BDNewViewController.h */ = {isa = PBXFileReference; lastKnownFileType = sourcecode.c.h; path = BDNewViewController.h; sourceTree = "<group>"; };
		2BB99CBC2420C8640005A03C /* BDNewViewController.m */ = {isa = PBXFileReference; lastKnownFileType = sourcecode.c.objc; path = BDNewViewController.m; sourceTree = "<group>"; };
		2BB99CBE2420C87B0005A03C /* BDPubilcViewController.h */ = {isa = PBXFileReference; lastKnownFileType = sourcecode.c.h; path = BDPubilcViewController.h; sourceTree = "<group>"; };
		2BB99CBF2420C87B0005A03C /* BDPubilcViewController.m */ = {isa = PBXFileReference; lastKnownFileType = sourcecode.c.objc; path = BDPubilcViewController.m; sourceTree = "<group>"; };
/* End PBXFileReference section */

/* Begin PBXFrameworksBuildPhase section */
		2BB99C6D2420A33B0005A03C /* Frameworks */ = {
			isa = PBXFrameworksBuildPhase;
			buildActionMask = 2147483647;
			files = (
			);
			runOnlyForDeploymentPostprocessing = 0;
		};
		2BB99C882420A33F0005A03C /* Frameworks */ = {
			isa = PBXFrameworksBuildPhase;
			buildActionMask = 2147483647;
			files = (
			);
			runOnlyForDeploymentPostprocessing = 0;
		};
		2BB99C932420A33F0005A03C /* Frameworks */ = {
			isa = PBXFrameworksBuildPhase;
			buildActionMask = 2147483647;
			files = (
			);
			runOnlyForDeploymentPostprocessing = 0;
		};
/* End PBXFrameworksBuildPhase section */

/* Begin PBXGroup section */
		2BB99C672420A33A0005A03C = {
			isa = PBXGroup;
			children = (
				2BB99C722420A33B0005A03C /* Budejie */,
				2BB99C8E2420A33F0005A03C /* BudejieTests */,
				2BB99C992420A33F0005A03C /* BudejieUITests */,
				2BB99C712420A33B0005A03C /* Products */,
			);
			sourceTree = "<group>";
		};
		2BB99C712420A33B0005A03C /* Products */ = {
			isa = PBXGroup;
			children = (
				2BB99C702420A33B0005A03C /* Budejie.app */,
				2BB99C8B2420A33F0005A03C /* BudejieTests.xctest */,
				2BB99C962420A33F0005A03C /* BudejieUITests.xctest */,
			);
			name = Products;
			sourceTree = "<group>";
		};
		2BB99C722420A33B0005A03C /* Budejie */ = {
			isa = PBXGroup;
			children = (
				2BB99C842420A33F0005A03C /* Info.plist */,
				2BB99CB02420C7B90005A03C /* Assets.xcassets */,
				2BB99C812420A33F0005A03C /* LaunchScreen.storyboard */,
				2BB99CAD2420C2E90005A03C /* Public */,
				2BB99CAC2420C2870005A03C /* Essence */,
				2BB99CAB2420C2840005A03C /* FriendTrend */,
				2BB99CAA2420C2810005A03C /* Me */,
				2BB99CA92420C27F0005A03C /* New */,
				2BB99CA82420C2600005A03C /* Other */,
			);
			path = Budejie;
			sourceTree = "<group>";
		};
		2BB99C8E2420A33F0005A03C /* BudejieTests */ = {
			isa = PBXGroup;
			children = (
				2BB99C8F2420A33F0005A03C /* BudejieTests.m */,
				2BB99C912420A33F0005A03C /* Info.plist */,
			);
			path = BudejieTests;
			sourceTree = "<group>";
		};
		2BB99C992420A33F0005A03C /* BudejieUITests */ = {
			isa = PBXGroup;
			children = (
				2BB99C9A2420A33F0005A03C /* BudejieUITests.m */,
				2BB99C9C2420A33F0005A03C /* Info.plist */,
			);
			path = BudejieUITests;
			sourceTree = "<group>";
		};
		2BB99CA82420C2600005A03C /* Other */ = {
			isa = PBXGroup;
			children = (
				2BB99C852420A33F0005A03C /* main.m */,
				2BB99C762420A33B0005A03C /* SceneDelegate.h */,
				2BB99C772420A33B0005A03C /* SceneDelegate.m */,
				2BB99C732420A33B0005A03C /* AppDelegate.h */,
				2BB99C742420A33B0005A03C /* AppDelegate.m */,
			);
			path = Other;
			sourceTree = "<group>";
		};
		2BB99CA92420C27F0005A03C /* New */ = {
			isa = PBXGroup;
			children = (
				2BB99CBB2420C8640005A03C /* BDNewViewController.h */,
				2BB99CBC2420C8640005A03C /* BDNewViewController.m */,
			);
			path = New;
			sourceTree = "<group>";
		};
		2BB99CAA2420C2810005A03C /* Me */ = {
			isa = PBXGroup;
			children = (
				2BB99CB82420C84B0005A03C /* BDMeViewController.h */,
				2BB99CB92420C84B0005A03C /* BDMeViewController.m */,
			);
			path = Me;
			sourceTree = "<group>";
		};
		2BB99CAB2420C2840005A03C /* FriendTrend */ = {
			isa = PBXGroup;
			children = (
				2BB99CB52420C8250005A03C /* BDFriendViewController.h */,
				2BB99CB62420C8250005A03C /* BDFriendViewController.m */,
			);
			path = FriendTrend;
			sourceTree = "<group>";
		};
		2BB99CAC2420C2870005A03C /* Essence */ = {
			isa = PBXGroup;
			children = (
				2BB99CB22420C8000005A03C /* BDEssenceViewController.h */,
				2BB99CB32420C8000005A03C /* BDEssenceViewController.m */,
			);
			path = Essence;
			sourceTree = "<group>";
		};
		2BB99CAD2420C2E90005A03C /* Public */ = {
			isa = PBXGroup;
			children = (
				2BB99CBE2420C87B0005A03C /* BDPubilcViewController.h */,
				2BB99CBF2420C87B0005A03C /* BDPubilcViewController.m */,
			);
			path = Public;
			sourceTree = "<group>";
		};
/* End PBXGroup section */

/* Begin PBXNativeTarget section */
		2BB99C6F2420A33B0005A03C /* Budejie */ = {
			isa = PBXNativeTarget;
			buildConfigurationList = 2BB99C9F2420A33F0005A03C /* Build configuration list for PBXNativeTarget "Budejie" */;
			buildPhases = (
				2BB99C6C2420A33B0005A03C /* Sources */,
				2BB99C6D2420A33B0005A03C /* Frameworks */,
				2BB99C6E2420A33B0005A03C /* Resources */,
			);
			buildRules = (
			);
			dependencies = (
			);
			name = Budejie;
			productName = Budejie;
			productReference = 2BB99C702420A33B0005A03C /* Budejie.app */;
			productType = "com.apple.product-type.application";
		};
		2BB99C8A2420A33F0005A03C /* BudejieTests */ = {
			isa = PBXNativeTarget;
			buildConfigurationList = 2BB99CA22420A33F0005A03C /* Build configuration list for PBXNativeTarget "BudejieTests" */;
			buildPhases = (
				2BB99C872420A33F0005A03C /* Sources */,
				2BB99C882420A33F0005A03C /* Frameworks */,
				2BB99C892420A33F0005A03C /* Resources */,
			);
			buildRules = (
			);
			dependencies = (
				2BB99C8D2420A33F0005A03C /* PBXTargetDependency */,
			);
			name = BudejieTests;
			productName = BudejieTests;
			productReference = 2BB99C8B2420A33F0005A03C /* BudejieTests.xctest */;
			productType = "com.apple.product-type.bundle.unit-test";
		};
		2BB99C952420A33F0005A03C /* BudejieUITests */ = {
			isa = PBXNativeTarget;
			buildConfigurationList = 2BB99CA52420A33F0005A03C /* Build configuration list for PBXNativeTarget "BudejieUITests" */;
			buildPhases = (
				2BB99C922420A33F0005A03C /* Sources */,
				2BB99C932420A33F0005A03C /* Frameworks */,
				2BB99C942420A33F0005A03C /* Resources */,
			);
			buildRules = (
			);
			dependencies = (
				2BB99C982420A33F0005A03C /* PBXTargetDependency */,
			);
			name = BudejieUITests;
			productName = BudejieUITests;
			productReference = 2BB99C962420A33F0005A03C /* BudejieUITests.xctest */;
			productType = "com.apple.product-type.bundle.ui-testing";
		};
/* End PBXNativeTarget section */

/* Begin PBXProject section */
		2BB99C682420A33A0005A03C /* Project object */ = {
			isa = PBXProject;
			attributes = {
				CLASSPREFIX = BD;
				LastUpgradeCheck = 1130;
				ORGANIZATIONNAME = "zq m";
				TargetAttributes = {
					2BB99C6F2420A33B0005A03C = {
						CreatedOnToolsVersion = 11.3.1;
					};
					2BB99C8A2420A33F0005A03C = {
						CreatedOnToolsVersion = 11.3.1;
						TestTargetID = 2BB99C6F2420A33B0005A03C;
					};
					2BB99C952420A33F0005A03C = {
						CreatedOnToolsVersion = 11.3.1;
						TestTargetID = 2BB99C6F2420A33B0005A03C;
					};
				};
			};
			buildConfigurationList = 2BB99C6B2420A33B0005A03C /* Build configuration list for PBXProject "Budejie" */;
			compatibilityVersion = "Xcode 9.3";
			developmentRegion = en;
			hasScannedForEncodings = 0;
			knownRegions = (
				en,
				Base,
			);
			mainGroup = 2BB99C672420A33A0005A03C;
			productRefGroup = 2BB99C712420A33B0005A03C /* Products */;
			projectDirPath = "";
			projectRoot = "";
			targets = (
				2BB99C6F2420A33B0005A03C /* Budejie */,
				2BB99C8A2420A33F0005A03C /* BudejieTests */,
				2BB99C952420A33F0005A03C /* BudejieUITests */,
			);
		};
/* End PBXProject section */

/* Begin PBXResourcesBuildPhase section */
		2BB99C6E2420A33B0005A03C /* Resources */ = {
			isa = PBXResourcesBuildPhase;
			buildActionMask = 2147483647;
			files = (
				2BB99CB12420C7B90005A03C /* Assets.xcassets in Resources */,
				2BB99C832420A33F0005A03C /* LaunchScreen.storyboard in Resources */,
			);
			runOnlyForDeploymentPostprocessing = 0;
		};
		2BB99C892420A33F0005A03C /* Resources */ = {
			isa = PBXResourcesBuildPhase;
			buildActionMask = 2147483647;
			files = (
			);
			runOnlyForDeploymentPostprocessing = 0;
		};
		2BB99C942420A33F0005A03C /* Resources */ = {
			isa = PBXResourcesBuildPhase;
			buildActionMask = 2147483647;
			files = (
			);
			runOnlyForDeploymentPostprocessing = 0;
		};
/* End PBXResourcesBuildPhase section */

/* Begin PBXSourcesBuildPhase section */
		2BB99C6C2420A33B0005A03C /* Sources */ = {
			isa = PBXSourcesBuildPhase;
			buildActionMask = 2147483647;
			files = (
				2BB99CBA2420C84B0005A03C /* BDMeViewController.m in Sources */,
				2BB99CBD2420C8640005A03C /* BDNewViewController.m in Sources */,
				2BB99C752420A33B0005A03C /* AppDelegate.m in Sources */,
				2BB99C862420A33F0005A03C /* main.m in Sources */,
				2BB99CB72420C8250005A03C /* BDFriendViewController.m in Sources */,
				2BB99C782420A33B0005A03C /* SceneDelegate.m in Sources */,
				2BB99CB42420C8000005A03C /* BDEssenceViewController.m in Sources */,
				2BB99CC02420C87B0005A03C /* BDPubilcViewController.m in Sources */,
			);
			runOnlyForDeploymentPostprocessing = 0;
		};
		2BB99C872420A33F0005A03C /* Sources */ = {
			isa = PBXSourcesBuildPhase;
			buildActionMask = 2147483647;
			files = (
				2BB99C902420A33F0005A03C /* BudejieTests.m in Sources */,
			);
			runOnlyForDeploymentPostprocessing = 0;
		};
		2BB99C922420A33F0005A03C /* Sources */ = {
			isa = PBXSourcesBuildPhase;
			buildActionMask = 2147483647;
			files = (
				2BB99C9B2420A33F0005A03C /* BudejieUITests.m in Sources */,
			);
			runOnlyForDeploymentPostprocessing = 0;
		};
/* End PBXSourcesBuildPhase section */

/* Begin PBXTargetDependency section */
		2BB99C8D2420A33F0005A03C /* PBXTargetDependency */ = {
			isa = PBXTargetDependency;
			target = 2BB99C6F2420A33B0005A03C /* Budejie */;
			targetProxy = 2BB99C8C2420A33F0005A03C /* PBXContainerItemProxy */;
		};
		2BB99C982420A33F0005A03C /* PBXTargetDependency */ = {
			isa = PBXTargetDependency;
			target = 2BB99C6F2420A33B0005A03C /* Budejie */;
			targetProxy = 2BB99C972420A33F0005A03C /* PBXContainerItemProxy */;
		};
/* End PBXTargetDependency section */

/* Begin PBXVariantGroup section */
		2BB99C812420A33F0005A03C /* LaunchScreen.storyboard */ = {
			isa = PBXVariantGroup;
			children = (
				2BB99C822420A33F0005A03C /* Base */,
			);
			name = LaunchScreen.storyboard;
			sourceTree = "<group>";
		};
/* End PBXVariantGroup section */

/* Begin XCBuildConfiguration section */
		2BB99C9D2420A33F0005A03C /* Debug */ = {
			isa = XCBuildConfiguration;
			buildSettings = {
				ALWAYS_SEARCH_USER_PATHS = NO;
				CLANG_ANALYZER_NONNULL = YES;
				CLANG_ANALYZER_NUMBER_OBJECT_CONVERSION = YES_AGGRESSIVE;
				CLANG_CXX_LANGUAGE_STANDARD = "gnu++14";
				CLANG_CXX_LIBRARY = "libc++";
				CLANG_ENABLE_MODULES = YES;
				CLANG_ENABLE_OBJC_ARC = YES;
				CLANG_ENABLE_OBJC_WEAK = YES;
				CLANG_WARN_BLOCK_CAPTURE_AUTORELEASING = YES;
				CLANG_WARN_BOOL_CONVERSION = YES;
				CLANG_WARN_COMMA = YES;
				CLANG_WARN_CONSTANT_CONVERSION = YES;
				CLANG_WARN_DEPRECATED_OBJC_IMPLEMENTATIONS = YES;
				CLANG_WARN_DIRECT_OBJC_ISA_USAGE = YES_ERROR;
				CLANG_WARN_DOCUMENTATION_COMMENTS = YES;
				CLANG_WARN_EMPTY_BODY = YES;
				CLANG_WARN_ENUM_CONVERSION = YES;
				CLANG_WARN_INFINITE_RECURSION = YES;
				CLANG_WARN_INT_CONVERSION = YES;
				CLANG_WARN_NON_LITERAL_NULL_CONVERSION = YES;
				CLANG_WARN_OBJC_IMPLICIT_RETAIN_SELF = YES;
				CLANG_WARN_OBJC_LITERAL_CONVERSION = YES;
				CLANG_WARN_OBJC_ROOT_CLASS = YES_ERROR;
				CLANG_WARN_RANGE_LOOP_ANALYSIS = YES;
				CLANG_WARN_STRICT_PROTOTYPES = YES;
				CLANG_WARN_SUSPICIOUS_MOVE = YES;
				CLANG_WARN_UNGUARDED_AVAILABILITY = YES_AGGRESSIVE;
				CLANG_WARN_UNREACHABLE_CODE = YES;
				CLANG_WARN__DUPLICATE_METHOD_MATCH = YES;
				COPY_PHASE_STRIP = NO;
				DEBUG_INFORMATION_FORMAT = dwarf;
				ENABLE_STRICT_OBJC_MSGSEND = YES;
				ENABLE_TESTABILITY = YES;
				GCC_C_LANGUAGE_STANDARD = gnu11;
				GCC_DYNAMIC_NO_PIC = NO;
				GCC_NO_COMMON_BLOCKS = YES;
				GCC_OPTIMIZATION_LEVEL = 0;
				GCC_PREPROCESSOR_DEFINITIONS = (
					"DEBUG=1",
					"$(inherited)",
				);
				GCC_WARN_64_TO_32_BIT_CONVERSION = YES;
				GCC_WARN_ABOUT_RETURN_TYPE = YES_ERROR;
				GCC_WARN_UNDECLARED_SELECTOR = YES;
				GCC_WARN_UNINITIALIZED_AUTOS = YES_AGGRESSIVE;
				GCC_WARN_UNUSED_FUNCTION = YES;
				GCC_WARN_UNUSED_VARIABLE = YES;
				IPHONEOS_DEPLOYMENT_TARGET = 13.2;
				MTL_ENABLE_DEBUG_INFO = INCLUDE_SOURCE;
				MTL_FAST_MATH = YES;
				ONLY_ACTIVE_ARCH = YES;
				SDKROOT = iphoneos;
			};
			name = Debug;
		};
		2BB99C9E2420A33F0005A03C /* Release */ = {
			isa = XCBuildConfiguration;
			buildSettings = {
				ALWAYS_SEARCH_USER_PATHS = NO;
				CLANG_ANALYZER_NONNULL = YES;
				CLANG_ANALYZER_NUMBER_OBJECT_CONVERSION = YES_AGGRESSIVE;
				CLANG_CXX_LANGUAGE_STANDARD = "gnu++14";
				CLANG_CXX_LIBRARY = "libc++";
				CLANG_ENABLE_MODULES = YES;
				CLANG_ENABLE_OBJC_ARC = YES;
				CLANG_ENABLE_OBJC_WEAK = YES;
				CLANG_WARN_BLOCK_CAPTURE_AUTORELEASING = YES;
				CLANG_WARN_BOOL_CONVERSION = YES;
				CLANG_WARN_COMMA = YES;
				CLANG_WARN_CONSTANT_CONVERSION = YES;
				CLANG_WARN_DEPRECATED_OBJC_IMPLEMENTATIONS = YES;
				CLANG_WARN_DIRECT_OBJC_ISA_USAGE = YES_ERROR;
				CLANG_WARN_DOCUMENTATION_COMMENTS = YES;
				CLANG_WARN_EMPTY_BODY = YES;
				CLANG_WARN_ENUM_CONVERSION = YES;
				CLANG_WARN_INFINITE_RECURSION = YES;
				CLANG_WARN_INT_CONVERSION = YES;
				CLANG_WARN_NON_LITERAL_NULL_CONVERSION = YES;
				CLANG_WARN_OBJC_IMPLICIT_RETAIN_SELF = YES;
				CLANG_WARN_OBJC_LITERAL_CONVERSION = YES;
				CLANG_WARN_OBJC_ROOT_CLASS = YES_ERROR;
				CLANG_WARN_RANGE_LOOP_ANALYSIS = YES;
				CLANG_WARN_STRICT_PROTOTYPES = YES;
				CLANG_WARN_SUSPICIOUS_MOVE = YES;
				CLANG_WARN_UNGUARDED_AVAILABILITY = YES_AGGRESSIVE;
				CLANG_WARN_UNREACHABLE_CODE = YES;
				CLANG_WARN__DUPLICATE_METHOD_MATCH = YES;
				COPY_PHASE_STRIP = NO;
				DEBUG_INFORMATION_FORMAT = "dwarf-with-dsym";
				ENABLE_NS_ASSERTIONS = NO;
				ENABLE_STRICT_OBJC_MSGSEND = YES;
				GCC_C_LANGUAGE_STANDARD = gnu11;
				GCC_NO_COMMON_BLOCKS = YES;
				GCC_WARN_64_TO_32_BIT_CONVERSION = YES;
				GCC_WARN_ABOUT_RETURN_TYPE = YES_ERROR;
				GCC_WARN_UNDECLARED_SELECTOR = YES;
				GCC_WARN_UNINITIALIZED_AUTOS = YES_AGGRESSIVE;
				GCC_WARN_UNUSED_FUNCTION = YES;
				GCC_WARN_UNUSED_VARIABLE = YES;
				IPHONEOS_DEPLOYMENT_TARGET = 13.2;
				MTL_ENABLE_DEBUG_INFO = NO;
				MTL_FAST_MATH = YES;
				SDKROOT = iphoneos;
				VALIDATE_PRODUCT = YES;
			};
			name = Release;
		};
		2BB99CA02420A33F0005A03C /* Debug */ = {
			isa = XCBuildConfiguration;
			buildSettings = {
				ASSETCATALOG_COMPILER_APPICON_NAME = AppIcon;
				CODE_SIGN_STYLE = Automatic;
				INFOPLIST_FILE = Budejie/Info.plist;
				LD_RUNPATH_SEARCH_PATHS = (
					"$(inherited)",
					"@executable_path/Frameworks",
				);
				PRODUCT_BUNDLE_IDENTIFIER = zhwx.Budejie;
				PRODUCT_NAME = "$(TARGET_NAME)";
				TARGETED_DEVICE_FAMILY = "1,2";
			};
			name = Debug;
		};
		2BB99CA12420A33F0005A03C /* Release */ = {
			isa = XCBuildConfiguration;
			buildSettings = {
				ASSETCATALOG_COMPILER_APPICON_NAME = AppIcon;
				CODE_SIGN_STYLE = Automatic;
				INFOPLIST_FILE = Budejie/Info.plist;
				LD_RUNPATH_SEARCH_PATHS = (
					"$(inherited)",
					"@executable_path/Frameworks",
				);
				PRODUCT_BUNDLE_IDENTIFIER = zhwx.Budejie;
				PRODUCT_NAME = "$(TARGET_NAME)";
				TARGETED_DEVICE_FAMILY = "1,2";
			};
			name = Release;
		};
		2BB99CA32420A33F0005A03C /* Debug */ = {
			isa = XCBuildConfiguration;
			buildSettings = {
				BUNDLE_LOADER = "$(TEST_HOST)";
				CODE_SIGN_STYLE = Automatic;
				INFOPLIST_FILE = BudejieTests/Info.plist;
				IPHONEOS_DEPLOYMENT_TARGET = 13.2;
				LD_RUNPATH_SEARCH_PATHS = (
					"$(inherited)",
					"@executable_path/Frameworks",
					"@loader_path/Frameworks",
				);
				PRODUCT_BUNDLE_IDENTIFIER = zhwx.BudejieTests;
				PRODUCT_NAME = "$(TARGET_NAME)";
				TARGETED_DEVICE_FAMILY = "1,2";
				TEST_HOST = "$(BUILT_PRODUCTS_DIR)/Budejie.app/Budejie";
			};
			name = Debug;
		};
		2BB99CA42420A33F0005A03C /* Release */ = {
			isa = XCBuildConfiguration;
			buildSettings = {
				BUNDLE_LOADER = "$(TEST_HOST)";
				CODE_SIGN_STYLE = Automatic;
				INFOPLIST_FILE = BudejieTests/Info.plist;
				IPHONEOS_DEPLOYMENT_TARGET = 13.2;
				LD_RUNPATH_SEARCH_PATHS = (
					"$(inherited)",
					"@executable_path/Frameworks",
					"@loader_path/Frameworks",
				);
				PRODUCT_BUNDLE_IDENTIFIER = zhwx.BudejieTests;
				PRODUCT_NAME = "$(TARGET_NAME)";
				TARGETED_DEVICE_FAMILY = "1,2";
				TEST_HOST = "$(BUILT_PRODUCTS_DIR)/Budejie.app/Budejie";
			};
			name = Release;
		};
		2BB99CA62420A33F0005A03C /* Debug */ = {
			isa = XCBuildConfiguration;
			buildSettings = {
				CODE_SIGN_STYLE = Automatic;
				INFOPLIST_FILE = BudejieUITests/Info.plist;
				LD_RUNPATH_SEARCH_PATHS = (
					"$(inherited)",
					"@executable_path/Frameworks",
					"@loader_path/Frameworks",
				);
				PRODUCT_BUNDLE_IDENTIFIER = zhwx.BudejieUITests;
				PRODUCT_NAME = "$(TARGET_NAME)";
				TARGETED_DEVICE_FAMILY = "1,2";
				TEST_TARGET_NAME = Budejie;
			};
			name = Debug;
		};
		2BB99CA72420A33F0005A03C /* Release */ = {
			isa = XCBuildConfiguration;
			buildSettings = {
				CODE_SIGN_STYLE = Automatic;
				INFOPLIST_FILE = BudejieUITests/Info.plist;
				LD_RUNPATH_SEARCH_PATHS = (
					"$(inherited)",
					"@executable_path/Frameworks",
					"@loader_path/Frameworks",
				);
				PRODUCT_BUNDLE_IDENTIFIER = zhwx.BudejieUITests;
				PRODUCT_NAME = "$(TARGET_NAME)";
				TARGETED_DEVICE_FAMILY = "1,2";
				TEST_TARGET_NAME = Budejie;
			};
			name = Release;
		};
/* End XCBuildConfiguration section */

/* Begin XCConfigurationList section */
		2BB99C6B2420A33B0005A03C /* Build configuration list for PBXProject "Budejie" */ = {
			isa = XCConfigurationList;
			buildConfigurations = (
				2BB99C9D2420A33F0005A03C /* Debug */,
				2BB99C9E2420A33F0005A03C /* Release */,
			);
			defaultConfigurationIsVisible = 0;
			defaultConfigurationName = Release;
		};
		2BB99C9F2420A33F0005A03C /* Build configuration list for PBXNativeTarget "Budejie" */ = {
			isa = XCConfigurationList;
			buildConfigurations = (
				2BB99CA02420A33F0005A03C /* Debug */,
				2BB99CA12420A33F0005A03C /* Release */,
			);
			defaultConfigurationIsVisible = 0;
			defaultConfigurationName = Release;
		};
		2BB99CA22420A33F0005A03C /* Build configuration list for PBXNativeTarget "BudejieTests" */ = {
			isa = XCConfigurationList;
			buildConfigurations = (
				2BB99CA32420A33F0005A03C /* Debug */,
				2BB99CA42420A33F0005A03C /* Release */,
			);
			defaultConfigurationIsVisible = 0;
			defaultConfigurationName = Release;
		};
		2BB99CA52420A33F0005A03C /* Build configuration list for PBXNativeTarget "BudejieUITests" */ = {
			isa = XCConfigurationList;
			buildConfigurations = (
				2BB99CA62420A33F0005A03C /* Debug */,
				2BB99CA72420A33F0005A03C /* Release */,
			);
			defaultConfigurationIsVisible = 0;
			defaultConfigurationName = Release;
		};
/* End XCConfigurationList section */
	};
	rootObject = 2BB99C682420A33A0005A03C /* Project object */;
}
